<?xml version="1.0" encoding="utf-8"?>
<Project ToolsVersion="17.0" xmlns="http://schemas.microsoft.com/developer/msbuild/2003">
  <ItemGroup>
    <ClCompile Include="C:\Users\hassa\2023_20485049\Worksheet4\Calc\calc.cpp">
      <Filter>Source Files</Filter>
    </ClCompile>
  </ItemGroup>
  <ItemGroup>
    <CustomBuild Include="C:\Users\hassa\2023_20485049\Worksheet4\Calc\CMakeLists.txt" />
  </ItemGroup>
  <ItemGroup>
    <Filter Include="Source Files">
      <UniqueIdentifier>{9F35BE26-F96D-37FF-932A-E38690239CCF}</UniqueIdentifier>
    </Filter>
  </ItemGroup>
</Project>
